
Microsoft Visual Studio Solution File, Format Version 12.00
# Visual Studio 14
VisualStudioVersion = 14.0.23107.0
MinimumVisualStudioVersion = 10.0.40219.1
Project("{FAE04EC0-301F-11D3-BF4B-00C04F79EFBC}") = "ConnectionUControl", "ConnectionUControl\ConnectionUControl.csproj", "{B490AC47-ECFE-439B-A143-D1B0D483A59E}"
EndProject
Project("{FAE04EC0-301F-11D3-BF4B-00C04F79EFBC}") = "CUControl", "CUControl\CUControl.csproj", "{93F3DA0D-C354-4A19-803D-C780477E8542}"
EndProject
Global
	GlobalSection(SolutionConfigurationPlatforms) = preSolution
		Debug|Any CPU = Debug|Any CPU
		Release|Any CPU = Release|Any CPU
	EndGlobalSection
	GlobalSection(ProjectConfigurationPlatforms) = postSolution
		{B490AC47-ECFE-439B-A143-D1B0D483A59E}.Debug|Any CPU.ActiveCfg = Debug|Any CPU
		{B490AC47-ECFE-439B-A143-D1B0D483A59E}.Debug|Any CPU.Build.0 = Debug|Any CPU
		{B490AC47-ECFE-439B-A143-D1B0D483A59E}.Release|Any CPU.ActiveCfg = Release|Any CPU
		{B490AC47-ECFE-439B-A143-D1B0D483A59E}.Release|Any CPU.Build.0 = Release|Any CPU
		{93F3DA0D-C354-4A19-803D-C780477E8542}.Debug|Any CPU.ActiveCfg = Debug|Any CPU
		{93F3DA0D-C354-4A19-803D-C780477E8542}.Debug|Any CPU.Build.0 = Debug|Any CPU
		{93F3DA0D-C354-4A19-803D-C780477E8542}.Release|Any CPU.ActiveCfg = Release|Any CPU
		{93F3DA0D-C354-4A19-803D-C780477E8542}.Release|Any CPU.Build.0 = Release|Any CPU
	EndGlobalSection
	GlobalSection(SolutionProperties) = preSolution
		HideSolutionNode = FALSE
	EndGlobalSection
EndGlobal
